# This file was autogenerated by Stack.
# You should not edit this file by hand.
# For more information, please see the documentation at:
#   https://docs.haskellstack.org/en/stable/lock_files

packages:
- completed:
    hackage: cipher-aes128-0.7.0.5@sha256:95c6327b0c93839f56e74cace17d9b85292214975bac9e8b7c13ebb725ba3856,3777
    pantry-tree:
      size: 1232
      sha256: af923f62ac037ef55c67ab8d1d98a3c1d020623ca9c97143e553f7a90f75e888
  original:
    hackage: cipher-aes128-0.7.0.5@sha256:95c6327b0c93839f56e74cace17d9b85292214975bac9e8b7c13ebb725ba3856,3777
snapshots:
- completed:
    size: 567037
    url: https://raw.githubusercontent.com/commercialhaskell/stackage-snapshots/master/lts/17/9.yaml
    sha256: d7d8d5106e53d1669964bd8bd2b0f88a5ad192d772f5376384b76738fd992311
  original:
    url: https://raw.githubusercontent.com/commercialhaskell/stackage-snapshots/master/lts/17/9.yaml
